{
    "_meta": {
        "hash": {
            "sha256": "0372bc20de0574b02a21460cff02522ece9ac2fdd7ab5c960c60e4a2a8ccd2e5"
        },
        "pipfile-spec": 6,
        "requires": {
            "python_version": "3.6"
        },
        "sources": [
            {
                "name": "redhat-aicoe-experiments",
                "url": "https://tensorflow.pypi.thoth-station.ninja/index/manylinux2010/AVX2/simple/",
                "verify_ssl": true
            },
            {
                "name": "pypi",
                "url": "https://pypi.org/simple",
                "verify_ssl": true
            },
            {
                "name": "pypi-org",
                "url": "https://pypi.org/simple",
                "verify_ssl": true
            }
        ]
    },
    "default": {
        "ipykernel": {
            "hashes": [
                "sha256:136c42923725896072470e096cd10291c90371ec740aea525255acfd7b807a80",
                "sha256:bcba9beac5f89568b15e18a7d25bc7399691c58d4e46386727f3042e2e2104e7",
                "sha256:1508634e8f54ec04cd36b4d8f6d429ee85654a31ed0007eeac79d186d49f3b38"
            ],
            "index": "pypi-org",
            "version": "==4.0.1"
        },
        "ipython": {
            "hashes": [
                "sha256:0ec713b5a1287aea0e9f79b683f6938f3d53c7e27531ebe92fc5bffe77341cda",
                "sha256:00f7d377e3a3ef81d0c28c1305c424194cb86e8557763248d1ad792b18913a81",
                "sha256:2e9a467f918c68d2e4d744c7c62407ad2ba2db136c10afcc5bcadc00e983f02b",
                "sha256:6398452c63d2db498f7b40ded6e3625a8d74b4215d2beea5d40da8bf7856a261"
            ],
            "index": "pypi-org",
            "version": "==3.2.3"
        },
        "ipywidgets": {
            "hashes": [
                "sha256:d0fd8e647224edcc889b1a960bbd658ea94145b6e926701f3f0df2ece10e4b7c"
            ],
            "index": "pypi-org",
            "version": "==4.0.0"
        },
        "jupyter": {
            "hashes": [
                "sha256:5b290f93b98ffbc21c0c7e749f054b3267782166d72fa5e3ed1ed4eaf34a2b78",
                "sha256:d9dc4b3318f310e34c82951ea5d6683f67bed7def4b259fafbfe4f1beb1d8e5f",
                "sha256:3e1f86076bbb7c8c207829390305a2b1fe836d471ed54be66a3b8c41e7f46cc7"
            ],
            "index": "pypi-org",
            "version": "==1.0.0"
        },
        "notebook": {
            "hashes": [
                "sha256:ad3d6e70fb2e62f361625d80ce4506746375c054b3be32d6c2b2c62e25449bc7",
                "sha256:1bce02fb0ea69171f783f66b282e44738f65375eea7c5daf7925531ca555d005"
            ],
            "index": "pypi-org",
            "version": "==4.0.0"
        },
        "qtconsole": {
            "hashes": [
                "sha256:d7834598825169fc322390fdfd96bf791833ded21bf22803f083662edbbf3d75",
                "sha256:1eb76ca095f22aa8f0137e8672a63422bfa22bd9a202b64240c5de64103470c9"
            ],
            "index": "pypi-org",
            "version": "==4.7.2"
        }
    },
    "develop": {}
}
